
Microsoft Visual Studio Solution File, Format Version 12.00
# Visual Studio Version 17
VisualStudioVersion = 17.14.36221.1
MinimumVisualStudioVersion = 10.0.40219.1
Project("{FAE04EC0-301F-11D3-BF4B-00C04F79EFBC}") = "OutilGestionAbsences", "OutilGestionAbsences\OutilGestionAbsences.csproj", "{66B860B2-E4A9-4FCB-9A50-6072802B7D0D}"
EndProject
Project("{FAE04EC0-301F-11D3-BF4B-00C04F79EFBC}") = "OGAMetier", "OGAMetier\OGAMetier.csproj", "{F13DCC3F-9929-4D01-85AE-5FBCB70BFA4E}"
EndProject
Project("{FAE04EC0-301F-11D3-BF4B-00C04F79EFBC}") = "OGAVM", "OGAVM\OGAVM.csproj", "{97393CA2-7BD3-4C2C-B3BA-0992DA73D7F2}"
EndProject
Project("{FAE04EC0-301F-11D3-BF4B-00C04F79EFBC}") = "OGAData", "OGAData\OGAData.csproj", "{5CD6117E-254E-4B0C-AF4A-703E7C6DCBDF}"
EndProject
Global
	GlobalSection(SolutionConfigurationPlatforms) = preSolution
		Debug|Any CPU = Debug|Any CPU
		Release|Any CPU = Release|Any CPU
	EndGlobalSection
	GlobalSection(ProjectConfigurationPlatforms) = postSolution
		{66B860B2-E4A9-4FCB-9A50-6072802B7D0D}.Debug|Any CPU.ActiveCfg = Debug|Any CPU
		{66B860B2-E4A9-4FCB-9A50-6072802B7D0D}.Debug|Any CPU.Build.0 = Debug|Any CPU
		{66B860B2-E4A9-4FCB-9A50-6072802B7D0D}.Release|Any CPU.ActiveCfg = Release|Any CPU
		{66B860B2-E4A9-4FCB-9A50-6072802B7D0D}.Release|Any CPU.Build.0 = Release|Any CPU
		{F13DCC3F-9929-4D01-85AE-5FBCB70BFA4E}.Debug|Any CPU.ActiveCfg = Debug|Any CPU
		{F13DCC3F-9929-4D01-85AE-5FBCB70BFA4E}.Debug|Any CPU.Build.0 = Debug|Any CPU
		{F13DCC3F-9929-4D01-85AE-5FBCB70BFA4E}.Release|Any CPU.ActiveCfg = Release|Any CPU
		{F13DCC3F-9929-4D01-85AE-5FBCB70BFA4E}.Release|Any CPU.Build.0 = Release|Any CPU
		{97393CA2-7BD3-4C2C-B3BA-0992DA73D7F2}.Debug|Any CPU.ActiveCfg = Debug|Any CPU
		{97393CA2-7BD3-4C2C-B3BA-0992DA73D7F2}.Debug|Any CPU.Build.0 = Debug|Any CPU
		{97393CA2-7BD3-4C2C-B3BA-0992DA73D7F2}.Release|Any CPU.ActiveCfg = Release|Any CPU
		{97393CA2-7BD3-4C2C-B3BA-0992DA73D7F2}.Release|Any CPU.Build.0 = Release|Any CPU
		{5CD6117E-254E-4B0C-AF4A-703E7C6DCBDF}.Debug|Any CPU.ActiveCfg = Debug|Any CPU
		{5CD6117E-254E-4B0C-AF4A-703E7C6DCBDF}.Debug|Any CPU.Build.0 = Debug|Any CPU
		{5CD6117E-254E-4B0C-AF4A-703E7C6DCBDF}.Release|Any CPU.ActiveCfg = Release|Any CPU
		{5CD6117E-254E-4B0C-AF4A-703E7C6DCBDF}.Release|Any CPU.Build.0 = Release|Any CPU
	EndGlobalSection
	GlobalSection(SolutionProperties) = preSolution
		HideSolutionNode = FALSE
	EndGlobalSection
	GlobalSection(ExtensibilityGlobals) = postSolution
		SolutionGuid = {A96CC198-7CF2-4921-BCDA-E8ECD49EBF7C}
	EndGlobalSection
EndGlobal
